{
  "lockfileVersion": 1,
  "workspaces": {
    "": {
      "name": "@bogeychan/elysia-etag",
      "devDependencies": {
        "@types/bun": "^1.2.0",
        "elysia": "^1.2.10",
        "typescript": "^5.7.3",
      },
      "peerDependencies": {
        "elysia": ">= 1.2.10",
      },
    },
  },
  "packages": {
    "@sinclair/typebox": ["@sinclair/typebox@0.34.14", "", {}, "sha512-TJ7Al17j3+by5y2QkTLcF/oBVMbgXBhILVgi9PuwpxQVZZvGh5BFRzWbJPmZVNKpbRLjuMzFuRwR+tdFPqCkvA=="],

    "@types/bun": ["@types/bun@1.2.0", "", { "dependencies": { "bun-types": "1.2.0" } }, "sha512-5N1JqdahfpBlAv4wy6svEYcd/YfO2GNrbL95JOmFx8nkE6dbK4R0oSE5SpBA4vBRqgrOUAXF8Dpiz+gi7r80SA=="],

    "@types/node": ["@types/node@22.10.10", "", { "dependencies": { "undici-types": "~6.20.0" } }, "sha512-X47y/mPNzxviAGY5TcYPtYL8JsY3kAq2n8fMmKoRCxq/c4v4pyGNCzM2R6+M5/umG4ZfHuT+sgqDYqWc9rJ6ww=="],

    "@types/ws": ["@types/ws@8.5.14", "", { "dependencies": { "@types/node": "*" } }, "sha512-bd/YFLW+URhBzMXurx7lWByOu+xzU9+kb3RboOteXYDfW+tr+JZa99OyNmPINEGB/ahzKrEuc8rcv4gnpJmxTw=="],

    "bun-types": ["bun-types@1.2.0", "", { "dependencies": { "@types/node": "*", "@types/ws": "~8.5.10" } }, "sha512-KEaJxyZfbV/c4eyG0vyehDpYmBGreNiQbZIqvVHJwZ4BmeuWlNZ7EAzMN2Zcd7ailmS/tGVW0BgYbGf+lGEpWw=="],

    "cookie": ["cookie@1.0.2", "", {}, "sha512-9Kr/j4O16ISv8zBBhJoi4bXOYNTkFLOqSL3UDB0njXxCXNezjeyVrJyGOWtgfs/q2km1gwBcfH8q1yEGoMYunA=="],

    "elysia": ["elysia@1.2.10", "", { "dependencies": { "@sinclair/typebox": "^0.34.13", "cookie": "^1.0.2", "memoirist": "^0.2.0", "openapi-types": "^12.1.3" }, "peerDependencies": { "typescript": ">= 5.0.0" }, "optionalPeers": ["typescript"] }, "sha512-QcNl2FjhHFRpKaqy1NoMpyCjJ7OcKBnHwLUkqGu09QwIV84PFb82ILvYJG4GS1RbGv76OA50luaqBLrM3SLZ2w=="],

    "memoirist": ["memoirist@0.2.0", "", {}, "sha512-DA1V11OWsKmYjgYHfT1luus0FtTjUbILfI9s5M+ckK29tBLON6GDhH5GwxDz7E1ou4Bdzm9vhbeCaRAWxwG+0g=="],

    "openapi-types": ["openapi-types@12.1.3", "", {}, "sha512-N4YtSYJqghVu4iek2ZUvcN/0aqH1kRDuNqzcycDxhOUpg7GdvLa2F3DgS6yBNhInhv2r/6I0Flkn7CqL8+nIcw=="],

    "typescript": ["typescript@5.7.3", "", { "bin": { "tsc": "bin/tsc", "tsserver": "bin/tsserver" } }, "sha512-84MVSjMEHP+FQRPy3pX9sTVV/INIex71s9TL2Gm5FG/WG1SqXeKyZ0k7/blY/4FdOzI12CBy1vGc4og/eus0fw=="],

    "undici-types": ["undici-types@6.20.0", "", {}, "sha512-Ny6QZ2Nju20vw1SRHe3d9jVu6gJ+4e3+MMpqu7pqE5HT6WsTSlce++GQmK5UXS8mzV8DSYHrQH+Xrf2jVcuKNg=="],
  }
}
